
Microsoft Visual Studio Solution File, Format Version 11.00
# Visual Studio 2010
# SharpDevelop 5.1
Project("{FAE04EC0-301F-11D3-BF4B-00C04F79EFBC}") = "projetoTabuleiro", "projetoTabuleiro\projetoTabuleiro.csproj", "{6C74D4F3-992C-4A2B-A85D-2B800D75B506}"
EndProject
Global
	GlobalSection(SolutionConfigurationPlatforms) = preSolution
		Debug|Any CPU = Debug|Any CPU
		Release|Any CPU = Release|Any CPU
	EndGlobalSection
	GlobalSection(ProjectConfigurationPlatforms) = postSolution
		{6C74D4F3-992C-4A2B-A85D-2B800D75B506}.Debug|Any CPU.ActiveCfg = Debug|Any CPU
		{6C74D4F3-992C-4A2B-A85D-2B800D75B506}.Debug|Any CPU.Build.0 = Debug|Any CPU
		{6C74D4F3-992C-4A2B-A85D-2B800D75B506}.Release|Any CPU.ActiveCfg = Release|Any CPU
		{6C74D4F3-992C-4A2B-A85D-2B800D75B506}.Release|Any CPU.Build.0 = Release|Any CPU
	EndGlobalSection
EndGlobal
