
Microsoft Visual Studio Solution File, Format Version 11.00
# Visual Studio 2010
# SharpDevelop 5.1
Project("{FAE04EC0-301F-11D3-BF4B-00C04F79EFBC}") = "CalcularMedia", "CalcularMedia\CalcularMedia.csproj", "{FDE8AFDA-D4F7-474F-874C-F64E2FE735A8}"
EndProject
Global
	GlobalSection(SolutionConfigurationPlatforms) = preSolution
		Debug|Any CPU = Debug|Any CPU
		Release|Any CPU = Release|Any CPU
	EndGlobalSection
	GlobalSection(ProjectConfigurationPlatforms) = postSolution
		{FDE8AFDA-D4F7-474F-874C-F64E2FE735A8}.Debug|Any CPU.ActiveCfg = Debug|Any CPU
		{FDE8AFDA-D4F7-474F-874C-F64E2FE735A8}.Debug|Any CPU.Build.0 = Debug|Any CPU
		{FDE8AFDA-D4F7-474F-874C-F64E2FE735A8}.Release|Any CPU.ActiveCfg = Release|Any CPU
		{FDE8AFDA-D4F7-474F-874C-F64E2FE735A8}.Release|Any CPU.Build.0 = Release|Any CPU
	EndGlobalSection
EndGlobal
