
Microsoft Visual Studio Solution File, Format Version 11.00
# Visual Studio 2010
# SharpDevelop 5.1
Project("{FAE04EC0-301F-11D3-BF4B-00C04F79EFBC}") = "Atividade_16", "Atividade_16\Atividade_16.csproj", "{F1809D27-A8D5-4517-AB1C-7A4898AA3CB0}"
EndProject
Global
	GlobalSection(SolutionConfigurationPlatforms) = preSolution
		Debug|Any CPU = Debug|Any CPU
		Release|Any CPU = Release|Any CPU
	EndGlobalSection
	GlobalSection(ProjectConfigurationPlatforms) = postSolution
		{F1809D27-A8D5-4517-AB1C-7A4898AA3CB0}.Debug|Any CPU.ActiveCfg = Debug|Any CPU
		{F1809D27-A8D5-4517-AB1C-7A4898AA3CB0}.Debug|Any CPU.Build.0 = Debug|Any CPU
		{F1809D27-A8D5-4517-AB1C-7A4898AA3CB0}.Release|Any CPU.ActiveCfg = Release|Any CPU
		{F1809D27-A8D5-4517-AB1C-7A4898AA3CB0}.Release|Any CPU.Build.0 = Release|Any CPU
	EndGlobalSection
EndGlobal
