
Microsoft Visual Studio Solution File, Format Version 11.00
# Visual Studio 2010
# SharpDevelop 4.4
Project("{FAE04EC0-301F-11D3-BF4B-00C04F79EFBC}") = "Atividade_Paulo_Rebeca", "Atividade_Paulo_Rebeca\Atividade_Paulo_Rebeca.csproj", "{F3E8AC1C-925E-41BD-984E-D9DECDA4A261}"
EndProject
Global
	GlobalSection(SolutionConfigurationPlatforms) = preSolution
		Debug|Any CPU = Debug|Any CPU
		Release|Any CPU = Release|Any CPU
	EndGlobalSection
	GlobalSection(ProjectConfigurationPlatforms) = postSolution
		{F3E8AC1C-925E-41BD-984E-D9DECDA4A261}.Debug|Any CPU.Build.0 = Debug|Any CPU
		{F3E8AC1C-925E-41BD-984E-D9DECDA4A261}.Debug|Any CPU.ActiveCfg = Debug|Any CPU
		{F3E8AC1C-925E-41BD-984E-D9DECDA4A261}.Release|Any CPU.Build.0 = Release|Any CPU
		{F3E8AC1C-925E-41BD-984E-D9DECDA4A261}.Release|Any CPU.ActiveCfg = Release|Any CPU
	EndGlobalSection
EndGlobal
