
Microsoft Visual Studio Solution File, Format Version 11.00
# Visual Studio 2010
# SharpDevelop 5.1
Project("{FAE04EC0-301F-11D3-BF4B-00C04F79EFBC}") = "OperacaoBasicas", "OperacaoBasicas\OperacaoBasicas.csproj", "{93D10CD1-C3D2-4A57-BBAF-508CF70E8324}"
EndProject
Global
	GlobalSection(SolutionConfigurationPlatforms) = preSolution
		Debug|Any CPU = Debug|Any CPU
		Release|Any CPU = Release|Any CPU
	EndGlobalSection
	GlobalSection(ProjectConfigurationPlatforms) = postSolution
		{93D10CD1-C3D2-4A57-BBAF-508CF70E8324}.Debug|Any CPU.ActiveCfg = Debug|Any CPU
		{93D10CD1-C3D2-4A57-BBAF-508CF70E8324}.Debug|Any CPU.Build.0 = Debug|Any CPU
		{93D10CD1-C3D2-4A57-BBAF-508CF70E8324}.Release|Any CPU.ActiveCfg = Release|Any CPU
		{93D10CD1-C3D2-4A57-BBAF-508CF70E8324}.Release|Any CPU.Build.0 = Release|Any CPU
	EndGlobalSection
EndGlobal
