
Microsoft Visual Studio Solution File, Format Version 11.00
# Visual Studio 2010
# SharpDevelop 5.1
Project("{FAE04EC0-301F-11D3-BF4B-00C04F79EFBC}") = "TABELA", "TABELA\TABELA.csproj", "{DE17ED73-E153-41AD-B01F-C3350B0ECE14}"
EndProject
Global
	GlobalSection(SolutionConfigurationPlatforms) = preSolution
		Debug|Any CPU = Debug|Any CPU
		Release|Any CPU = Release|Any CPU
	EndGlobalSection
	GlobalSection(ProjectConfigurationPlatforms) = postSolution
		{DE17ED73-E153-41AD-B01F-C3350B0ECE14}.Debug|Any CPU.ActiveCfg = Debug|Any CPU
		{DE17ED73-E153-41AD-B01F-C3350B0ECE14}.Debug|Any CPU.Build.0 = Debug|Any CPU
		{DE17ED73-E153-41AD-B01F-C3350B0ECE14}.Release|Any CPU.ActiveCfg = Release|Any CPU
		{DE17ED73-E153-41AD-B01F-C3350B0ECE14}.Release|Any CPU.Build.0 = Release|Any CPU
	EndGlobalSection
EndGlobal
